// !$*UTF8*$!
{
	archiveVersion = 1;
	classes = {
	};
	objectVersion = 55;
	objects = {

/* Begin PBXBuildFile section */
		F72EC275279AE3CE00718143 /* DetailEditView.swift in Sources */ = {isa = PBXBuildFile; fileRef = F72EC274279AE3CE00718143 /* DetailEditView.swift */; };
		F72EC277279B3F9500718143 /* ThemeView.swift in Sources */ = {isa = PBXBuildFile; fileRef = F72EC276279B3F9500718143 /* ThemeView.swift */; };
		F72EC27D279B411B00718143 /* ThemePicker.swift in Sources */ = {isa = PBXBuildFile; fileRef = F72EC27C279B411B00718143 /* ThemePicker.swift */; };
		F757BD4B2795AE7C002D682A /* ScrumdingerApp.swift in Sources */ = {isa = PBXBuildFile; fileRef = F757BD4A2795AE7C002D682A /* ScrumdingerApp.swift */; };
		F757BD4D2795AE7C002D682A /* MeetingView.swift in Sources */ = {isa = PBXBuildFile; fileRef = F757BD4C2795AE7C002D682A /* MeetingView.swift */; };
		F757BD4F2795AE7D002D682A /* Assets.xcassets in Resources */ = {isa = PBXBuildFile; fileRef = F757BD4E2795AE7D002D682A /* Assets.xcassets */; };
		F757BD522795AE7D002D682A /* Preview Assets.xcassets in Resources */ = {isa = PBXBuildFile; fileRef = F757BD512795AE7D002D682A /* Preview Assets.xcassets */; };
		F757BD5A2795B822002D682A /* Theme.swift in Sources */ = {isa = PBXBuildFile; fileRef = F757BD592795B822002D682A /* Theme.swift */; };
		F757BD5C2795BAC5002D682A /* DailyScrum.swift in Sources */ = {isa = PBXBuildFile; fileRef = F757BD5B2795BAC5002D682A /* DailyScrum.swift */; };
		F757BD5E2795BCF8002D682A /* CardView.swift in Sources */ = {isa = PBXBuildFile; fileRef = F757BD5D2795BCF8002D682A /* CardView.swift */; };
		F757BD602795C03D002D682A /* TrailingIconLabelStyle.swift in Sources */ = {isa = PBXBuildFile; fileRef = F757BD5F2795C03D002D682A /* TrailingIconLabelStyle.swift */; };
		F757BD642795CE86002D682A /* ScrumsView.swift in Sources */ = {isa = PBXBuildFile; fileRef = F757BD632795CE86002D682A /* ScrumsView.swift */; };
		F7686E4127A073F100D8B096 /* MeetingTimerView.swift in Sources */ = {isa = PBXBuildFile; fileRef = F7686E4027A073F100D8B096 /* MeetingTimerView.swift */; };
		F7686E4327A0762D00D8B096 /* SpeakerArc.swift in Sources */ = {isa = PBXBuildFile; fileRef = F7686E4227A0762D00D8B096 /* SpeakerArc.swift */; };
		F7788CB7279ED93C007F9EA4 /* MeetingHeaderView.swift in Sources */ = {isa = PBXBuildFile; fileRef = F7788CB6279ED93C007F9EA4 /* MeetingHeaderView.swift */; };
		F7788CB9279EDC9B007F9EA4 /* ScrumProgressViewStyle.swift in Sources */ = {isa = PBXBuildFile; fileRef = F7788CB8279EDC9B007F9EA4 /* ScrumProgressViewStyle.swift */; };
		F7788CBB279EDEBA007F9EA4 /* ScrumTimer.swift in Sources */ = {isa = PBXBuildFile; fileRef = F7788CBA279EDEBA007F9EA4 /* ScrumTimer.swift */; };
		F7788CBD279EE614007F9EA4 /* MeetingFooterView.swift in Sources */ = {isa = PBXBuildFile; fileRef = F7788CBC279EE614007F9EA4 /* MeetingFooterView.swift */; };
		F7788CC1279EEC6C007F9EA4 /* AVPlayer+Ding.swift in Sources */ = {isa = PBXBuildFile; fileRef = F7788CC0279EEC6C007F9EA4 /* AVPlayer+Ding.swift */; };
		F7788CC4279F0332007F9EA4 /* ding.wav in Resources */ = {isa = PBXBuildFile; fileRef = F7788CC3279F0332007F9EA4 /* ding.wav */; };
		F785E5F6279714E1005B6962 /* DetailView.swift in Sources */ = {isa = PBXBuildFile; fileRef = F785E5F5279714E1005B6962 /* DetailView.swift */; };
		F7A3C99F279F1079006A7A9B /* History.swift in Sources */ = {isa = PBXBuildFile; fileRef = F7A3C99E279F1079006A7A9B /* History.swift */; };
		F7B92C8D27A01A5400180C43 /* ScrumStore.swift in Sources */ = {isa = PBXBuildFile; fileRef = F7B92C8C27A01A5400180C43 /* ScrumStore.swift */; };
		F7EE00B227A0671B0082BB7B /* ErrorWrapper.swift in Sources */ = {isa = PBXBuildFile; fileRef = F7EE00B127A0671B0082BB7B /* ErrorWrapper.swift */; };
		F7EE00B427A067AD0082BB7B /* ErrorView.swift in Sources */ = {isa = PBXBuildFile; fileRef = F7EE00B327A067AD0082BB7B /* ErrorView.swift */; };
/* End PBXBuildFile section */

/* Begin PBXFileReference section */
		F72EC274279AE3CE00718143 /* DetailEditView.swift */ = {isa = PBXFileReference; lastKnownFileType = sourcecode.swift; path = DetailEditView.swift; sourceTree = "<group>"; };
		F72EC276279B3F9500718143 /* ThemeView.swift */ = {isa = PBXFileReference; lastKnownFileType = sourcecode.swift; path = ThemeView.swift; sourceTree = "<group>"; };
		F72EC27C279B411B00718143 /* ThemePicker.swift */ = {isa = PBXFileReference; lastKnownFileType = sourcecode.swift; path = ThemePicker.swift; sourceTree = "<group>"; };
		F757BD472795AE7C002D682A /* Scrumdinger.app */ = {isa = PBXFileReference; explicitFileType = wrapper.application; includeInIndex = 0; path = Scrumdinger.app; sourceTree = BUILT_PRODUCTS_DIR; };
		F757BD4A2795AE7C002D682A /* ScrumdingerApp.swift */ = {isa = PBXFileReference; lastKnownFileType = sourcecode.swift; path = ScrumdingerApp.swift; sourceTree = "<group>"; };
		F757BD4C2795AE7C002D682A /* MeetingView.swift */ = {isa = PBXFileReference; lastKnownFileType = sourcecode.swift; path = MeetingView.swift; sourceTree = "<group>"; };
		F757BD4E2795AE7D002D682A /* Assets.xcassets */ = {isa = PBXFileReference; lastKnownFileType = folder.assetcatalog; path = Assets.xcassets; sourceTree = "<group>"; };
		F757BD512795AE7D002D682A /* Preview Assets.xcassets */ = {isa = PBXFileReference; lastKnownFileType = folder.assetcatalog; path = "Preview Assets.xcassets"; sourceTree = "<group>"; };
		F757BD592795B822002D682A /* Theme.swift */ = {isa = PBXFileReference; lastKnownFileType = sourcecode.swift; path = Theme.swift; sourceTree = "<group>"; };
		F757BD5B2795BAC5002D682A /* DailyScrum.swift */ = {isa = PBXFileReference; lastKnownFileType = sourcecode.swift; path = DailyScrum.swift; sourceTree = "<group>"; };
		F757BD5D2795BCF8002D682A /* CardView.swift */ = {isa = PBXFileReference; lastKnownFileType = sourcecode.swift; path = CardView.swift; sourceTree = "<group>"; };
		F757BD5F2795C03D002D682A /* TrailingIconLabelStyle.swift */ = {isa = PBXFileReference; lastKnownFileType = sourcecode.swift; path = TrailingIconLabelStyle.swift; sourceTree = "<group>"; };
		F757BD632795CE86002D682A /* ScrumsView.swift */ = {isa = PBXFileReference; lastKnownFileType = sourcecode.swift; path = ScrumsView.swift; sourceTree = "<group>"; };
		F7686E4027A073F100D8B096 /* MeetingTimerView.swift */ = {isa = PBXFileReference; lastKnownFileType = sourcecode.swift; path = MeetingTimerView.swift; sourceTree = "<group>"; };
		F7686E4227A0762D00D8B096 /* SpeakerArc.swift */ = {isa = PBXFileReference; lastKnownFileType = sourcecode.swift; path = SpeakerArc.swift; sourceTree = "<group>"; };
		F7788CB6279ED93C007F9EA4 /* MeetingHeaderView.swift */ = {isa = PBXFileReference; lastKnownFileType = sourcecode.swift; path = MeetingHeaderView.swift; sourceTree = "<group>"; };
		F7788CB8279EDC9B007F9EA4 /* ScrumProgressViewStyle.swift */ = {isa = PBXFileReference; fileEncoding = 4; lastKnownFileType = sourcecode.swift; path = ScrumProgressViewStyle.swift; sourceTree = "<group>"; };
		F7788CBA279EDEBA007F9EA4 /* ScrumTimer.swift */ = {isa = PBXFileReference; fileEncoding = 4; lastKnownFileType = sourcecode.swift; path = ScrumTimer.swift; sourceTree = "<group>"; };
		F7788CBC279EE614007F9EA4 /* MeetingFooterView.swift */ = {isa = PBXFileReference; lastKnownFileType = sourcecode.swift; path = MeetingFooterView.swift; sourceTree = "<group>"; };
		F7788CC0279EEC6C007F9EA4 /* AVPlayer+Ding.swift */ = {isa = PBXFileReference; lastKnownFileType = sourcecode.swift; path = "AVPlayer+Ding.swift"; sourceTree = "<group>"; };
		F7788CC3279F0332007F9EA4 /* ding.wav */ = {isa = PBXFileReference; lastKnownFileType = audio.wav; path = ding.wav; sourceTree = "<group>"; };
		F785E5F5279714E1005B6962 /* DetailView.swift */ = {isa = PBXFileReference; lastKnownFileType = sourcecode.swift; path = DetailView.swift; sourceTree = "<group>"; };
		F7A3C99E279F1079006A7A9B /* History.swift */ = {isa = PBXFileReference; lastKnownFileType = sourcecode.swift; path = History.swift; sourceTree = "<group>"; };
		F7B92C8C27A01A5400180C43 /* ScrumStore.swift */ = {isa = PBXFileReference; lastKnownFileType = sourcecode.swift; path = ScrumStore.swift; sourceTree = "<group>"; };
		F7EE00B127A0671B0082BB7B /* ErrorWrapper.swift */ = {isa = PBXFileReference; lastKnownFileType = sourcecode.swift; path = ErrorWrapper.swift; sourceTree = "<group>"; };
		F7EE00B327A067AD0082BB7B /* ErrorView.swift */ = {isa = PBXFileReference; lastKnownFileType = sourcecode.swift; path = ErrorView.swift; sourceTree = "<group>"; };
/* End PBXFileReference section */

/* Begin PBXFrameworksBuildPhase section */
		F757BD442795AE7C002D682A /* Frameworks */ = {
			isa = PBXFrameworksBuildPhase;
			buildActionMask = 2147483647;
			files = (
			);
			runOnlyForDeploymentPostprocessing = 0;
		};
/* End PBXFrameworksBuildPhase section */

/* Begin PBXGroup section */
		F757BD3E2795AE7C002D682A = {
			isa = PBXGroup;
			children = (
				F757BD492795AE7C002D682A /* Scrumdinger */,
				F757BD482795AE7C002D682A /* Products */,
			);
			sourceTree = "<group>";
		};
		F757BD482795AE7C002D682A /* Products */ = {
			isa = PBXGroup;
			children = (
				F757BD472795AE7C002D682A /* Scrumdinger.app */,
			);
			name = Products;
			sourceTree = "<group>";
		};
		F757BD492795AE7C002D682A /* Scrumdinger */ = {
			isa = PBXGroup;
			children = (
				F757BD4A2795AE7C002D682A /* ScrumdingerApp.swift */,
				F757BD582795B7F9002D682A /* Models */,
				F757BD4C2795AE7C002D682A /* MeetingView.swift */,
				F757BD632795CE86002D682A /* ScrumsView.swift */,
				F785E5F5279714E1005B6962 /* DetailView.swift */,
				F72EC276279B3F9500718143 /* ThemeView.swift */,
				F7686E4227A0762D00D8B096 /* SpeakerArc.swift */,
				F7EE00B327A067AD0082BB7B /* ErrorView.swift */,
				F7686E4027A073F100D8B096 /* MeetingTimerView.swift */,
				F72EC27C279B411B00718143 /* ThemePicker.swift */,
				F7788CB8279EDC9B007F9EA4 /* ScrumProgressViewStyle.swift */,
				F7788CBC279EE614007F9EA4 /* MeetingFooterView.swift */,
				F7788CB6279ED93C007F9EA4 /* MeetingHeaderView.swift */,
				F7788CC2279F0319007F9EA4 /* Resources */,
				F757BD4E2795AE7D002D682A /* Assets.xcassets */,
				F757BD502795AE7D002D682A /* Preview Content */,
			);
			path = Scrumdinger;
			sourceTree = "<group>";
		};
		F757BD502795AE7D002D682A /* Preview Content */ = {
			isa = PBXGroup;
			children = (
				F757BD512795AE7D002D682A /* Preview Assets.xcassets */,
			);
			path = "Preview Content";
			sourceTree = "<group>";
		};
		F757BD582795B7F9002D682A /* Models */ = {
			isa = PBXGroup;
			children = (
				F7788CBA279EDEBA007F9EA4 /* ScrumTimer.swift */,
				F757BD592795B822002D682A /* Theme.swift */,
				F757BD5B2795BAC5002D682A /* DailyScrum.swift */,
				F72EC274279AE3CE00718143 /* DetailEditView.swift */,
				F757BD5D2795BCF8002D682A /* CardView.swift */,
				F757BD5F2795C03D002D682A /* TrailingIconLabelStyle.swift */,
				F7788CC0279EEC6C007F9EA4 /* AVPlayer+Ding.swift */,
				F7A3C99E279F1079006A7A9B /* History.swift */,
				F7B92C8C27A01A5400180C43 /* ScrumStore.swift */,
				F7EE00B127A0671B0082BB7B /* ErrorWrapper.swift */,
			);
			path = Models;
			sourceTree = "<group>";
		};
		F7788CC2279F0319007F9EA4 /* Resources */ = {
			isa = PBXGroup;
			children = (
				F7788CC3279F0332007F9EA4 /* ding.wav */,
			);
			path = Resources;
			sourceTree = "<group>";
		};
/* End PBXGroup section */

/* Begin PBXNativeTarget section */
		F757BD462795AE7C002D682A /* Scrumdinger */ = {
			isa = PBXNativeTarget;
			buildConfigurationList = F757BD552795AE7D002D682A /* Build configuration list for PBXNativeTarget "Scrumdinger" */;
			buildPhases = (
				F757BD432795AE7C002D682A /* Sources */,
				F757BD442795AE7C002D682A /* Frameworks */,
				F757BD452795AE7C002D682A /* Resources */,
			);
			buildRules = (
			);
			dependencies = (
			);
			name = Scrumdinger;
			productName = Scrumdinger;
			productReference = F757BD472795AE7C002D682A /* Scrumdinger.app */;
			productType = "com.apple.product-type.application";
		};
/* End PBXNativeTarget section */

/* Begin PBXProject section */
		F757BD3F2795AE7C002D682A /* Project object */ = {
			isa = PBXProject;
			attributes = {
				BuildIndependentTargetsInParallel = 1;
				LastSwiftUpdateCheck = 1320;
				LastUpgradeCheck = 1320;
				TargetAttributes = {
					F757BD462795AE7C002D682A = {
						CreatedOnToolsVersion = 13.2.1;
					};
				};
			};
			buildConfigurationList = F757BD422795AE7C002D682A /* Build configuration list for PBXProject "Scrumdinger" */;
			compatibilityVersion = "Xcode 13.0";
			developmentRegion = en;
			hasScannedForEncodings = 0;
			knownRegions = (
				en,
				Base,
			);
			mainGroup = F757BD3E2795AE7C002D682A;
			productRefGroup = F757BD482795AE7C002D682A /* Products */;
			projectDirPath = "";
			projectRoot = "";
			targets = (
				F757BD462795AE7C002D682A /* Scrumdinger */,
			);
		};
/* End PBXProject section */

/* Begin PBXResourcesBuildPhase section */
		F757BD452795AE7C002D682A /* Resources */ = {
			isa = PBXResourcesBuildPhase;
			buildActionMask = 2147483647;
			files = (
				F7788CC4279F0332007F9EA4 /* ding.wav in Resources */,
				F757BD522795AE7D002D682A /* Preview Assets.xcassets in Resources */,
				F757BD4F2795AE7D002D682A /* Assets.xcassets in Resources */,
			);
			runOnlyForDeploymentPostprocessing = 0;
		};
/* End PBXResourcesBuildPhase section */

/* Begin PBXSourcesBuildPhase section */
		F757BD432795AE7C002D682A /* Sources */ = {
			isa = PBXSourcesBuildPhase;
			buildActionMask = 2147483647;
			files = (
				F7A3C99F279F1079006A7A9B /* History.swift in Sources */,
				F72EC27D279B411B00718143 /* ThemePicker.swift in Sources */,
				F7788CB9279EDC9B007F9EA4 /* ScrumProgressViewStyle.swift in Sources */,
				F7788CBD279EE614007F9EA4 /* MeetingFooterView.swift in Sources */,
				F7B92C8D27A01A5400180C43 /* ScrumStore.swift in Sources */,
				F7788CBB279EDEBA007F9EA4 /* ScrumTimer.swift in Sources */,
				F757BD5C2795BAC5002D682A /* DailyScrum.swift in Sources */,
				F785E5F6279714E1005B6962 /* DetailView.swift in Sources */,
				F7788CB7279ED93C007F9EA4 /* MeetingHeaderView.swift in Sources */,
				F7686E4127A073F100D8B096 /* MeetingTimerView.swift in Sources */,
				F72EC275279AE3CE00718143 /* DetailEditView.swift in Sources */,
				F7EE00B227A0671B0082BB7B /* ErrorWrapper.swift in Sources */,
				F757BD602795C03D002D682A /* TrailingIconLabelStyle.swift in Sources */,
				F757BD5A2795B822002D682A /* Theme.swift in Sources */,
				F757BD642795CE86002D682A /* ScrumsView.swift in Sources */,
				F757BD4D2795AE7C002D682A /* MeetingView.swift in Sources */,
				F7EE00B427A067AD0082BB7B /* ErrorView.swift in Sources */,
				F757BD4B2795AE7C002D682A /* ScrumdingerApp.swift in Sources */,
				F72EC277279B3F9500718143 /* ThemeView.swift in Sources */,
				F757BD5E2795BCF8002D682A /* CardView.swift in Sources */,
				F7686E4327A0762D00D8B096 /* SpeakerArc.swift in Sources */,
				F7788CC1279EEC6C007F9EA4 /* AVPlayer+Ding.swift in Sources */,
			);
			runOnlyForDeploymentPostprocessing = 0;
		};
/* End PBXSourcesBuildPhase section */

/* Begin XCBuildConfiguration section */
		F757BD532795AE7D002D682A /* Debug */ = {
			isa = XCBuildConfiguration;
			buildSettings = {
				ALWAYS_SEARCH_USER_PATHS = NO;
				CLANG_ANALYZER_NONNULL = YES;
				CLANG_ANALYZER_NUMBER_OBJECT_CONVERSION = YES_AGGRESSIVE;
				CLANG_CXX_LANGUAGE_STANDARD = "gnu++17";
				CLANG_CXX_LIBRARY = "libc++";
				CLANG_ENABLE_MODULES = YES;
				CLANG_ENABLE_OBJC_ARC = YES;
				CLANG_ENABLE_OBJC_WEAK = YES;
				CLANG_WARN_BLOCK_CAPTURE_AUTORELEASING = YES;
				CLANG_WARN_BOOL_CONVERSION = YES;
				CLANG_WARN_COMMA = YES;
				CLANG_WARN_CONSTANT_CONVERSION = YES;
				CLANG_WARN_DEPRECATED_OBJC_IMPLEMENTATIONS = YES;
				CLANG_WARN_DIRECT_OBJC_ISA_USAGE = YES_ERROR;
				CLANG_WARN_DOCUMENTATION_COMMENTS = YES;
				CLANG_WARN_EMPTY_BODY = YES;
				CLANG_WARN_ENUM_CONVERSION = YES;
				CLANG_WARN_INFINITE_RECURSION = YES;
				CLANG_WARN_INT_CONVERSION = YES;
				CLANG_WARN_NON_LITERAL_NULL_CONVERSION = YES;
				CLANG_WARN_OBJC_IMPLICIT_RETAIN_SELF = YES;
				CLANG_WARN_OBJC_LITERAL_CONVERSION = YES;
				CLANG_WARN_OBJC_ROOT_CLASS = YES_ERROR;
				CLANG_WARN_QUOTED_INCLUDE_IN_FRAMEWORK_HEADER = YES;
				CLANG_WARN_RANGE_LOOP_ANALYSIS = YES;
				CLANG_WARN_STRICT_PROTOTYPES = YES;
				CLANG_WARN_SUSPICIOUS_MOVE = YES;
				CLANG_WARN_UNGUARDED_AVAILABILITY = YES_AGGRESSIVE;
				CLANG_WARN_UNREACHABLE_CODE = YES;
				CLANG_WARN__DUPLICATE_METHOD_MATCH = YES;
				COPY_PHASE_STRIP = NO;
				DEBUG_INFORMATION_FORMAT = dwarf;
				ENABLE_STRICT_OBJC_MSGSEND = YES;
				ENABLE_TESTABILITY = YES;
				GCC_C_LANGUAGE_STANDARD = gnu11;
				GCC_DYNAMIC_NO_PIC = NO;
				GCC_NO_COMMON_BLOCKS = YES;
				GCC_OPTIMIZATION_LEVEL = 0;
				GCC_PREPROCESSOR_DEFINITIONS = (
					"DEBUG=1",
					"$(inherited)",
				);
				GCC_WARN_64_TO_32_BIT_CONVERSION = YES;
				GCC_WARN_ABOUT_RETURN_TYPE = YES_ERROR;
				GCC_WARN_UNDECLARED_SELECTOR = YES;
				GCC_WARN_UNINITIALIZED_AUTOS = YES_AGGRESSIVE;
				GCC_WARN_UNUSED_FUNCTION = YES;
				GCC_WARN_UNUSED_VARIABLE = YES;
				IPHONEOS_DEPLOYMENT_TARGET = 15.2;
				MTL_ENABLE_DEBUG_INFO = INCLUDE_SOURCE;
				MTL_FAST_MATH = YES;
				ONLY_ACTIVE_ARCH = YES;
				SDKROOT = iphoneos;
				SWIFT_ACTIVE_COMPILATION_CONDITIONS = DEBUG;
				SWIFT_OPTIMIZATION_LEVEL = "-Onone";
			};
			name = Debug;
		};
		F757BD542795AE7D002D682A /* Release */ = {
			isa = XCBuildConfiguration;
			buildSettings = {
				ALWAYS_SEARCH_USER_PATHS = NO;
				CLANG_ANALYZER_NONNULL = YES;
				CLANG_ANALYZER_NUMBER_OBJECT_CONVERSION = YES_AGGRESSIVE;
				CLANG_CXX_LANGUAGE_STANDARD = "gnu++17";
				CLANG_CXX_LIBRARY = "libc++";
				CLANG_ENABLE_MODULES = YES;
				CLANG_ENABLE_OBJC_ARC = YES;
				CLANG_ENABLE_OBJC_WEAK = YES;
				CLANG_WARN_BLOCK_CAPTURE_AUTORELEASING = YES;
				CLANG_WARN_BOOL_CONVERSION = YES;
				CLANG_WARN_COMMA = YES;
				CLANG_WARN_CONSTANT_CONVERSION = YES;
				CLANG_WARN_DEPRECATED_OBJC_IMPLEMENTATIONS = YES;
				CLANG_WARN_DIRECT_OBJC_ISA_USAGE = YES_ERROR;
				CLANG_WARN_DOCUMENTATION_COMMENTS = YES;
				CLANG_WARN_EMPTY_BODY = YES;
				CLANG_WARN_ENUM_CONVERSION = YES;
				CLANG_WARN_INFINITE_RECURSION = YES;
				CLANG_WARN_INT_CONVERSION = YES;
				CLANG_WARN_NON_LITERAL_NULL_CONVERSION = YES;
				CLANG_WARN_OBJC_IMPLICIT_RETAIN_SELF = YES;
				CLANG_WARN_OBJC_LITERAL_CONVERSION = YES;
				CLANG_WARN_OBJC_ROOT_CLASS = YES_ERROR;
				CLANG_WARN_QUOTED_INCLUDE_IN_FRAMEWORK_HEADER = YES;
				CLANG_WARN_RANGE_LOOP_ANALYSIS = YES;
				CLANG_WARN_STRICT_PROTOTYPES = YES;
				CLANG_WARN_SUSPICIOUS_MOVE = YES;
				CLANG_WARN_UNGUARDED_AVAILABILITY = YES_AGGRESSIVE;
				CLANG_WARN_UNREACHABLE_CODE = YES;
				CLANG_WARN__DUPLICATE_METHOD_MATCH = YES;
				COPY_PHASE_STRIP = NO;
				DEBUG_INFORMATION_FORMAT = "dwarf-with-dsym";
				ENABLE_NS_ASSERTIONS = NO;
				ENABLE_STRICT_OBJC_MSGSEND = YES;
				GCC_C_LANGUAGE_STANDARD = gnu11;
				GCC_NO_COMMON_BLOCKS = YES;
				GCC_WARN_64_TO_32_BIT_CONVERSION = YES;
				GCC_WARN_ABOUT_RETURN_TYPE = YES_ERROR;
				GCC_WARN_UNDECLARED_SELECTOR = YES;
				GCC_WARN_UNINITIALIZED_AUTOS = YES_AGGRESSIVE;
				GCC_WARN_UNUSED_FUNCTION = YES;
				GCC_WARN_UNUSED_VARIABLE = YES;
				IPHONEOS_DEPLOYMENT_TARGET = 15.2;
				MTL_ENABLE_DEBUG_INFO = NO;
				MTL_FAST_MATH = YES;
				SDKROOT = iphoneos;
				SWIFT_COMPILATION_MODE = wholemodule;
				SWIFT_OPTIMIZATION_LEVEL = "-O";
				VALIDATE_PRODUCT = YES;
			};
			name = Release;
		};
		F757BD562795AE7D002D682A /* Debug */ = {
			isa = XCBuildConfiguration;
			buildSettings = {
				ASSETCATALOG_COMPILER_APPICON_NAME = AppIcon;
				ASSETCATALOG_COMPILER_GLOBAL_ACCENT_COLOR_NAME = AccentColor;
				CODE_SIGN_STYLE = Automatic;
				CURRENT_PROJECT_VERSION = 1;
				DEVELOPMENT_ASSET_PATHS = "\"Scrumdinger/Preview Content\"";
				DEVELOPMENT_TEAM = 2N573HT98J;
				ENABLE_PREVIEWS = YES;
				GENERATE_INFOPLIST_FILE = YES;
				INFOPLIST_KEY_UIApplicationSceneManifest_Generation = YES;
				INFOPLIST_KEY_UIApplicationSupportsIndirectInputEvents = YES;
				INFOPLIST_KEY_UILaunchScreen_Generation = YES;
				INFOPLIST_KEY_UISupportedInterfaceOrientations_iPad = "UIInterfaceOrientationPortrait UIInterfaceOrientationPortraitUpsideDown UIInterfaceOrientationLandscapeLeft UIInterfaceOrientationLandscapeRight";
				INFOPLIST_KEY_UISupportedInterfaceOrientations_iPhone = "UIInterfaceOrientationPortrait UIInterfaceOrientationLandscapeLeft UIInterfaceOrientationLandscapeRight";
				IPHONEOS_DEPLOYMENT_TARGET = 15.2;
				LD_RUNPATH_SEARCH_PATHS = (
					"$(inherited)",
					"@executable_path/Frameworks",
				);
				MARKETING_VERSION = 1.0;
				PRODUCT_BUNDLE_IDENTIFIER = com.333Corp.Scrumdinger;
				PRODUCT_NAME = "$(TARGET_NAME)";
				SWIFT_EMIT_LOC_STRINGS = YES;
				SWIFT_VERSION = 5.0;
				TARGETED_DEVICE_FAMILY = "1,2";
			};
			name = Debug;
		};
		F757BD572795AE7D002D682A /* Release */ = {
			isa = XCBuildConfiguration;
			buildSettings = {
				ASSETCATALOG_COMPILER_APPICON_NAME = AppIcon;
				ASSETCATALOG_COMPILER_GLOBAL_ACCENT_COLOR_NAME = AccentColor;
				CODE_SIGN_STYLE = Automatic;
				CURRENT_PROJECT_VERSION = 1;
				DEVELOPMENT_ASSET_PATHS = "\"Scrumdinger/Preview Content\"";
				DEVELOPMENT_TEAM = 2N573HT98J;
				ENABLE_PREVIEWS = YES;
				GENERATE_INFOPLIST_FILE = YES;
				INFOPLIST_KEY_UIApplicationSceneManifest_Generation = YES;
				INFOPLIST_KEY_UIApplicationSupportsIndirectInputEvents = YES;
				INFOPLIST_KEY_UILaunchScreen_Generation = YES;
				INFOPLIST_KEY_UISupportedInterfaceOrientations_iPad = "UIInterfaceOrientationPortrait UIInterfaceOrientationPortraitUpsideDown UIInterfaceOrientationLandscapeLeft UIInterfaceOrientationLandscapeRight";
				INFOPLIST_KEY_UISupportedInterfaceOrientations_iPhone = "UIInterfaceOrientationPortrait UIInterfaceOrientationLandscapeLeft UIInterfaceOrientationLandscapeRight";
				IPHONEOS_DEPLOYMENT_TARGET = 15.2;
				LD_RUNPATH_SEARCH_PATHS = (
					"$(inherited)",
					"@executable_path/Frameworks",
				);
				MARKETING_VERSION = 1.0;
				PRODUCT_BUNDLE_IDENTIFIER = com.333Corp.Scrumdinger;
				PRODUCT_NAME = "$(TARGET_NAME)";
				SWIFT_EMIT_LOC_STRINGS = YES;
				SWIFT_VERSION = 5.0;
				TARGETED_DEVICE_FAMILY = "1,2";
			};
			name = Release;
		};
/* End XCBuildConfiguration section */

/* Begin XCConfigurationList section */
		F757BD422795AE7C002D682A /* Build configuration list for PBXProject "Scrumdinger" */ = {
			isa = XCConfigurationList;
			buildConfigurations = (
				F757BD532795AE7D002D682A /* Debug */,
				F757BD542795AE7D002D682A /* Release */,
			);
			defaultConfigurationIsVisible = 0;
			defaultConfigurationName = Release;
		};
		F757BD552795AE7D002D682A /* Build configuration list for PBXNativeTarget "Scrumdinger" */ = {
			isa = XCConfigurationList;
			buildConfigurations = (
				F757BD562795AE7D002D682A /* Debug */,
				F757BD572795AE7D002D682A /* Release */,
			);
			defaultConfigurationIsVisible = 0;
			defaultConfigurationName = Release;
		};
/* End XCConfigurationList section */
	};
	rootObject = F757BD3F2795AE7C002D682A /* Project object */;
}
